
Microsoft Visual Studio Solution File, Format Version 12.00
# Visual Studio Version 17
VisualStudioVersion = 17.0.32112.339
MinimumVisualStudioVersion = 10.0.40219.1
Project("{FAE04EC0-301F-11D3-BF4B-00C04F79EFBC}") = "Exaltation", "Exaltation.csproj", "{5E2D48BE-9258-4E84-8C4F-2BDD71E00002}"
EndProject
Global
	GlobalSection(SolutionConfigurationPlatforms) = preSolution
		Debug|Any CPU = Debug|Any CPU
		Release|Any CPU = Release|Any CPU
	EndGlobalSection
	GlobalSection(ProjectConfigurationPlatforms) = postSolution
		{5E2D48BE-9258-4E84-8C4F-2BDD71E00002}.Debug|Any CPU.ActiveCfg = Debug|Any CPU
		{5E2D48BE-9258-4E84-8C4F-2BDD71E00002}.Debug|Any CPU.Build.0 = Debug|Any CPU
		{5E2D48BE-9258-4E84-8C4F-2BDD71E00002}.Release|Any CPU.ActiveCfg = Release|Any CPU
		{5E2D48BE-9258-4E84-8C4F-2BDD71E00002}.Release|Any CPU.Build.0 = Release|Any CPU
	EndGlobalSection
	GlobalSection(SolutionProperties) = preSolution
		HideSolutionNode = FALSE
	EndGlobalSection
	GlobalSection(ExtensibilityGlobals) = postSolution
		SolutionGuid = {F4EBF008-611C-430D-BBA1-19F38C87F142}
	EndGlobalSection
EndGlobal
